// !$*UTF8*$!
{
	archiveVersion = 1;
	classes = {
	};
	objectVersion = 51;
	objects = {

/* Begin PBXBuildFile section */
		49E3BC8BEC481208CE830E1C /* Pods_ios_testTests.framework in Frameworks */ = {isa = PBXBuildFile; fileRef = A755DFFE46F8DF36D2C092FD /* Pods_ios_testTests.framework */; };
		5C00EA5424C2CC2F007CEECA /* Router.swift in Sources */ = {isa = PBXBuildFile; fileRef = 5C00EA5324C2CC2F007CEECA /* Router.swift */; };
		5C00EA5724C2CDE0007CEECA /* Constants.swift in Sources */ = {isa = PBXBuildFile; fileRef = 5C00EA5624C2CDE0007CEECA /* Constants.swift */; };
		5C00EA5924C2D4A0007CEECA /* Endpoints.swift in Sources */ = {isa = PBXBuildFile; fileRef = 5C00EA5824C2D4A0007CEECA /* Endpoints.swift */; };
		5C00EA5B24C2D831007CEECA /* Enums.swift in Sources */ = {isa = PBXBuildFile; fileRef = 5C00EA5A24C2D831007CEECA /* Enums.swift */; };
		5C00EA5F24C2DEFA007CEECA /* Error.swift in Sources */ = {isa = PBXBuildFile; fileRef = 5C00EA5E24C2DEFA007CEECA /* Error.swift */; };
		5C00EA6124C2DF5D007CEECA /* Category.swift in Sources */ = {isa = PBXBuildFile; fileRef = 5C00EA6024C2DF5D007CEECA /* Category.swift */; };
		5C00EA6324C2DFA4007CEECA /* Provider.swift in Sources */ = {isa = PBXBuildFile; fileRef = 5C00EA6224C2DFA4007CEECA /* Provider.swift */; };
		5C00EA6524C2DFE8007CEECA /* Field.swift in Sources */ = {isa = PBXBuildFile; fileRef = 5C00EA6424C2DFE8007CEECA /* Field.swift */; };
		5C00EA6724C2E077007CEECA /* Pair.swift in Sources */ = {isa = PBXBuildFile; fileRef = 5C00EA6624C2E077007CEECA /* Pair.swift */; };
		5C00EA6924C2E123007CEECA /* Receipt.swift in Sources */ = {isa = PBXBuildFile; fileRef = 5C00EA6824C2E123007CEECA /* Receipt.swift */; };
		5C00EA6B24C2E18A007CEECA /* Amount.swift in Sources */ = {isa = PBXBuildFile; fileRef = 5C00EA6A24C2E18A007CEECA /* Amount.swift */; };
		5C00EA6D24C2E329007CEECA /* Response.swift in Sources */ = {isa = PBXBuildFile; fileRef = 5C00EA6C24C2E329007CEECA /* Response.swift */; };
		5C16EA3C24C2F491008388C1 /* ProviderViewController.swift in Sources */ = {isa = PBXBuildFile; fileRef = 5C16EA3B24C2F491008388C1 /* ProviderViewController.swift */; };
		5C16EA3E24C2F585008388C1 /* PaymentViewController.swift in Sources */ = {isa = PBXBuildFile; fileRef = 5C16EA3D24C2F585008388C1 /* PaymentViewController.swift */; };
		5C16EA4024C2F5BC008388C1 /* ReceiptViewController.swift in Sources */ = {isa = PBXBuildFile; fileRef = 5C16EA3F24C2F5BC008388C1 /* ReceiptViewController.swift */; };
		5C16EA4224C2F6CA008388C1 /* PaymentViewModel.swift in Sources */ = {isa = PBXBuildFile; fileRef = 5C16EA4124C2F6CA008388C1 /* PaymentViewModel.swift */; };
		5C16EA4524C2F6E0008388C1 /* BaseViewModel.swift in Sources */ = {isa = PBXBuildFile; fileRef = 5C16EA4424C2F6E0008388C1 /* BaseViewModel.swift */; };
		5C16EA4724C2F7AF008388C1 /* ErrorService.swift in Sources */ = {isa = PBXBuildFile; fileRef = 5C16EA4624C2F7AF008388C1 /* ErrorService.swift */; };
		5C16EA4924C2F82D008388C1 /* BaseViewController.swift in Sources */ = {isa = PBXBuildFile; fileRef = 5C16EA4824C2F82D008388C1 /* BaseViewController.swift */; };
		5C16EA4C24C2F8FB008388C1 /* Extensions.swift in Sources */ = {isa = PBXBuildFile; fileRef = 5C16EA4B24C2F8FB008388C1 /* Extensions.swift */; };
		5C471FD924C1EFFE001CE5BC /* AppDelegate.swift in Sources */ = {isa = PBXBuildFile; fileRef = 5C471FD824C1EFFE001CE5BC /* AppDelegate.swift */; };
		5C471FDD24C1EFFE001CE5BC /* CategoryViewController.swift in Sources */ = {isa = PBXBuildFile; fileRef = 5C471FDC24C1EFFE001CE5BC /* CategoryViewController.swift */; };
		5C471FE024C1EFFE001CE5BC /* Main.storyboard in Resources */ = {isa = PBXBuildFile; fileRef = 5C471FDE24C1EFFE001CE5BC /* Main.storyboard */; };
		5C471FE324C1EFFE001CE5BC /* ios_test.xcdatamodeld in Sources */ = {isa = PBXBuildFile; fileRef = 5C471FE124C1EFFE001CE5BC /* ios_test.xcdatamodeld */; };
		5C471FE524C1F002001CE5BC /* Assets.xcassets in Resources */ = {isa = PBXBuildFile; fileRef = 5C471FE424C1F002001CE5BC /* Assets.xcassets */; };
		5C471FE824C1F002001CE5BC /* LaunchScreen.storyboard in Resources */ = {isa = PBXBuildFile; fileRef = 5C471FE624C1F002001CE5BC /* LaunchScreen.storyboard */; };
		5C471FF324C1F003001CE5BC /* ios_testTests.swift in Sources */ = {isa = PBXBuildFile; fileRef = 5C471FF224C1F003001CE5BC /* ios_testTests.swift */; };
		5C471FFE24C1F003001CE5BC /* ios_testUITests.swift in Sources */ = {isa = PBXBuildFile; fileRef = 5C471FFD24C1F003001CE5BC /* ios_testUITests.swift */; };
		5CF317CE24C30CE2005C2508 /* CategoryCell.swift in Sources */ = {isa = PBXBuildFile; fileRef = 5CF317CD24C30CE2005C2508 /* CategoryCell.swift */; };
		5CF317D024C30D44005C2508 /* BaseCategoryCell.swift in Sources */ = {isa = PBXBuildFile; fileRef = 5CF317CF24C30D44005C2508 /* BaseCategoryCell.swift */; };
		5CF317D224C30DB1005C2508 /* CategoryCellModel.swift in Sources */ = {isa = PBXBuildFile; fileRef = 5CF317D124C30DB1005C2508 /* CategoryCellModel.swift */; };
		AB35EC9DD271DB636E89AD8F /* Pods_ios_test_ios_testUITests.framework in Frameworks */ = {isa = PBXBuildFile; fileRef = D492F8A8DB68524F8833DA7A /* Pods_ios_test_ios_testUITests.framework */; };
		C3048DEB1D22C8FDA66E3CA2 /* Pods_ios_test.framework in Frameworks */ = {isa = PBXBuildFile; fileRef = 4AE9AC56021A837EB6C944D6 /* Pods_ios_test.framework */; };
/* End PBXBuildFile section */

/* Begin PBXContainerItemProxy section */
		5C471FEF24C1F003001CE5BC /* PBXContainerItemProxy */ = {
			isa = PBXContainerItemProxy;
			containerPortal = 5C471FCD24C1EFFE001CE5BC /* Project object */;
			proxyType = 1;
			remoteGlobalIDString = 5C471FD424C1EFFE001CE5BC;
			remoteInfo = "ios-test";
		};
		5C471FFA24C1F003001CE5BC /* PBXContainerItemProxy */ = {
			isa = PBXContainerItemProxy;
			containerPortal = 5C471FCD24C1EFFE001CE5BC /* Project object */;
			proxyType = 1;
			remoteGlobalIDString = 5C471FD424C1EFFE001CE5BC;
			remoteInfo = "ios-test";
		};
/* End PBXContainerItemProxy section */

/* Begin PBXFileReference section */
		14429F25078A2E29C0BE90D9 /* Pods-ios-testTests.debug.xcconfig */ = {isa = PBXFileReference; includeInIndex = 1; lastKnownFileType = text.xcconfig; name = "Pods-ios-testTests.debug.xcconfig"; path = "Target Support Files/Pods-ios-testTests/Pods-ios-testTests.debug.xcconfig"; sourceTree = "<group>"; };
		4A08ACE88365B6275AC35282 /* Pods-ios-test.debug.xcconfig */ = {isa = PBXFileReference; includeInIndex = 1; lastKnownFileType = text.xcconfig; name = "Pods-ios-test.debug.xcconfig"; path = "Target Support Files/Pods-ios-test/Pods-ios-test.debug.xcconfig"; sourceTree = "<group>"; };
		4AE9AC56021A837EB6C944D6 /* Pods_ios_test.framework */ = {isa = PBXFileReference; explicitFileType = wrapper.framework; includeInIndex = 0; path = Pods_ios_test.framework; sourceTree = BUILT_PRODUCTS_DIR; };
		5C00EA5324C2CC2F007CEECA /* Router.swift */ = {isa = PBXFileReference; lastKnownFileType = sourcecode.swift; path = Router.swift; sourceTree = "<group>"; };
		5C00EA5624C2CDE0007CEECA /* Constants.swift */ = {isa = PBXFileReference; lastKnownFileType = sourcecode.swift; path = Constants.swift; sourceTree = "<group>"; };
		5C00EA5824C2D4A0007CEECA /* Endpoints.swift */ = {isa = PBXFileReference; lastKnownFileType = sourcecode.swift; path = Endpoints.swift; sourceTree = "<group>"; };
		5C00EA5A24C2D831007CEECA /* Enums.swift */ = {isa = PBXFileReference; lastKnownFileType = sourcecode.swift; path = Enums.swift; sourceTree = "<group>"; };
		5C00EA5E24C2DEFA007CEECA /* Error.swift */ = {isa = PBXFileReference; lastKnownFileType = sourcecode.swift; path = Error.swift; sourceTree = "<group>"; };
		5C00EA6024C2DF5D007CEECA /* Category.swift */ = {isa = PBXFileReference; lastKnownFileType = sourcecode.swift; path = Category.swift; sourceTree = "<group>"; };
		5C00EA6224C2DFA4007CEECA /* Provider.swift */ = {isa = PBXFileReference; lastKnownFileType = sourcecode.swift; path = Provider.swift; sourceTree = "<group>"; };
		5C00EA6424C2DFE8007CEECA /* Field.swift */ = {isa = PBXFileReference; lastKnownFileType = sourcecode.swift; path = Field.swift; sourceTree = "<group>"; };
		5C00EA6624C2E077007CEECA /* Pair.swift */ = {isa = PBXFileReference; lastKnownFileType = sourcecode.swift; path = Pair.swift; sourceTree = "<group>"; };
		5C00EA6824C2E123007CEECA /* Receipt.swift */ = {isa = PBXFileReference; lastKnownFileType = sourcecode.swift; path = Receipt.swift; sourceTree = "<group>"; };
		5C00EA6A24C2E18A007CEECA /* Amount.swift */ = {isa = PBXFileReference; lastKnownFileType = sourcecode.swift; path = Amount.swift; sourceTree = "<group>"; };
		5C00EA6C24C2E329007CEECA /* Response.swift */ = {isa = PBXFileReference; lastKnownFileType = sourcecode.swift; path = Response.swift; sourceTree = "<group>"; };
		5C16EA3B24C2F491008388C1 /* ProviderViewController.swift */ = {isa = PBXFileReference; lastKnownFileType = sourcecode.swift; path = ProviderViewController.swift; sourceTree = "<group>"; };
		5C16EA3D24C2F585008388C1 /* PaymentViewController.swift */ = {isa = PBXFileReference; lastKnownFileType = sourcecode.swift; path = PaymentViewController.swift; sourceTree = "<group>"; };
		5C16EA3F24C2F5BC008388C1 /* ReceiptViewController.swift */ = {isa = PBXFileReference; lastKnownFileType = sourcecode.swift; path = ReceiptViewController.swift; sourceTree = "<group>"; };
		5C16EA4124C2F6CA008388C1 /* PaymentViewModel.swift */ = {isa = PBXFileReference; lastKnownFileType = sourcecode.swift; path = PaymentViewModel.swift; sourceTree = "<group>"; };
		5C16EA4424C2F6E0008388C1 /* BaseViewModel.swift */ = {isa = PBXFileReference; lastKnownFileType = sourcecode.swift; path = BaseViewModel.swift; sourceTree = "<group>"; };
		5C16EA4624C2F7AF008388C1 /* ErrorService.swift */ = {isa = PBXFileReference; lastKnownFileType = sourcecode.swift; path = ErrorService.swift; sourceTree = "<group>"; };
		5C16EA4824C2F82D008388C1 /* BaseViewController.swift */ = {isa = PBXFileReference; lastKnownFileType = sourcecode.swift; path = BaseViewController.swift; sourceTree = "<group>"; };
		5C16EA4B24C2F8FB008388C1 /* Extensions.swift */ = {isa = PBXFileReference; lastKnownFileType = sourcecode.swift; path = Extensions.swift; sourceTree = "<group>"; };
		5C471FD524C1EFFE001CE5BC /* ios-test.app */ = {isa = PBXFileReference; explicitFileType = wrapper.application; includeInIndex = 0; path = "ios-test.app"; sourceTree = BUILT_PRODUCTS_DIR; };
		5C471FD824C1EFFE001CE5BC /* AppDelegate.swift */ = {isa = PBXFileReference; lastKnownFileType = sourcecode.swift; path = AppDelegate.swift; sourceTree = "<group>"; };
		5C471FDC24C1EFFE001CE5BC /* CategoryViewController.swift */ = {isa = PBXFileReference; lastKnownFileType = sourcecode.swift; path = CategoryViewController.swift; sourceTree = "<group>"; };
		5C471FDF24C1EFFE001CE5BC /* Base */ = {isa = PBXFileReference; lastKnownFileType = file.storyboard; name = Base; path = Base.lproj/Main.storyboard; sourceTree = "<group>"; };
		5C471FE224C1EFFE001CE5BC /* ios_test.xcdatamodel */ = {isa = PBXFileReference; lastKnownFileType = wrapper.xcdatamodel; path = ios_test.xcdatamodel; sourceTree = "<group>"; };
		5C471FE424C1F002001CE5BC /* Assets.xcassets */ = {isa = PBXFileReference; lastKnownFileType = folder.assetcatalog; path = Assets.xcassets; sourceTree = "<group>"; };
		5C471FE724C1F002001CE5BC /* Base */ = {isa = PBXFileReference; lastKnownFileType = file.storyboard; name = Base; path = Base.lproj/LaunchScreen.storyboard; sourceTree = "<group>"; };
		5C471FE924C1F002001CE5BC /* Info.plist */ = {isa = PBXFileReference; lastKnownFileType = text.plist.xml; path = Info.plist; sourceTree = "<group>"; };
		5C471FEE24C1F003001CE5BC /* ios-testTests.xctest */ = {isa = PBXFileReference; explicitFileType = wrapper.cfbundle; includeInIndex = 0; path = "ios-testTests.xctest"; sourceTree = BUILT_PRODUCTS_DIR; };
		5C471FF224C1F003001CE5BC /* ios_testTests.swift */ = {isa = PBXFileReference; lastKnownFileType = sourcecode.swift; path = ios_testTests.swift; sourceTree = "<group>"; };
		5C471FF424C1F003001CE5BC /* Info.plist */ = {isa = PBXFileReference; lastKnownFileType = text.plist.xml; path = Info.plist; sourceTree = "<group>"; };
		5C471FF924C1F003001CE5BC /* ios-testUITests.xctest */ = {isa = PBXFileReference; explicitFileType = wrapper.cfbundle; includeInIndex = 0; path = "ios-testUITests.xctest"; sourceTree = BUILT_PRODUCTS_DIR; };
		5C471FFD24C1F003001CE5BC /* ios_testUITests.swift */ = {isa = PBXFileReference; lastKnownFileType = sourcecode.swift; path = ios_testUITests.swift; sourceTree = "<group>"; };
		5C471FFF24C1F003001CE5BC /* Info.plist */ = {isa = PBXFileReference; lastKnownFileType = text.plist.xml; path = Info.plist; sourceTree = "<group>"; };
		5CF317CD24C30CE2005C2508 /* CategoryCell.swift */ = {isa = PBXFileReference; lastKnownFileType = sourcecode.swift; path = CategoryCell.swift; sourceTree = "<group>"; };
		5CF317CF24C30D44005C2508 /* BaseCategoryCell.swift */ = {isa = PBXFileReference; lastKnownFileType = sourcecode.swift; path = BaseCategoryCell.swift; sourceTree = "<group>"; };
		5CF317D124C30DB1005C2508 /* CategoryCellModel.swift */ = {isa = PBXFileReference; lastKnownFileType = sourcecode.swift; path = CategoryCellModel.swift; sourceTree = "<group>"; };
		6FE35226849E05614938CDB7 /* Pods-ios-test.release.xcconfig */ = {isa = PBXFileReference; includeInIndex = 1; lastKnownFileType = text.xcconfig; name = "Pods-ios-test.release.xcconfig"; path = "Target Support Files/Pods-ios-test/Pods-ios-test.release.xcconfig"; sourceTree = "<group>"; };
		712B451DDAA673439ADBDD9B /* Pods-ios-testTests.release.xcconfig */ = {isa = PBXFileReference; includeInIndex = 1; lastKnownFileType = text.xcconfig; name = "Pods-ios-testTests.release.xcconfig"; path = "Target Support Files/Pods-ios-testTests/Pods-ios-testTests.release.xcconfig"; sourceTree = "<group>"; };
		7488213E210AD787B5D524A5 /* Pods-ios-test-ios-testUITests.release.xcconfig */ = {isa = PBXFileReference; includeInIndex = 1; lastKnownFileType = text.xcconfig; name = "Pods-ios-test-ios-testUITests.release.xcconfig"; path = "Target Support Files/Pods-ios-test-ios-testUITests/Pods-ios-test-ios-testUITests.release.xcconfig"; sourceTree = "<group>"; };
		A755DFFE46F8DF36D2C092FD /* Pods_ios_testTests.framework */ = {isa = PBXFileReference; explicitFileType = wrapper.framework; includeInIndex = 0; path = Pods_ios_testTests.framework; sourceTree = BUILT_PRODUCTS_DIR; };
		D492F8A8DB68524F8833DA7A /* Pods_ios_test_ios_testUITests.framework */ = {isa = PBXFileReference; explicitFileType = wrapper.framework; includeInIndex = 0; path = Pods_ios_test_ios_testUITests.framework; sourceTree = BUILT_PRODUCTS_DIR; };
		DFB5ED6A450CADCC5ECE8DE5 /* Pods-ios-test-ios-testUITests.debug.xcconfig */ = {isa = PBXFileReference; includeInIndex = 1; lastKnownFileType = text.xcconfig; name = "Pods-ios-test-ios-testUITests.debug.xcconfig"; path = "Target Support Files/Pods-ios-test-ios-testUITests/Pods-ios-test-ios-testUITests.debug.xcconfig"; sourceTree = "<group>"; };
/* End PBXFileReference section */

/* Begin PBXFrameworksBuildPhase section */
		5C471FD224C1EFFE001CE5BC /* Frameworks */ = {
			isa = PBXFrameworksBuildPhase;
			buildActionMask = 2147483647;
			files = (
				C3048DEB1D22C8FDA66E3CA2 /* Pods_ios_test.framework in Frameworks */,
			);
			runOnlyForDeploymentPostprocessing = 0;
		};
		5C471FEB24C1F003001CE5BC /* Frameworks */ = {
			isa = PBXFrameworksBuildPhase;
			buildActionMask = 2147483647;
			files = (
				49E3BC8BEC481208CE830E1C /* Pods_ios_testTests.framework in Frameworks */,
			);
			runOnlyForDeploymentPostprocessing = 0;
		};
		5C471FF624C1F003001CE5BC /* Frameworks */ = {
			isa = PBXFrameworksBuildPhase;
			buildActionMask = 2147483647;
			files = (
				AB35EC9DD271DB636E89AD8F /* Pods_ios_test_ios_testUITests.framework in Frameworks */,
			);
			runOnlyForDeploymentPostprocessing = 0;
		};
/* End PBXFrameworksBuildPhase section */

/* Begin PBXGroup section */
		596EF8C037F250E63645B4F0 /* Frameworks */ = {
			isa = PBXGroup;
			children = (
				4AE9AC56021A837EB6C944D6 /* Pods_ios_test.framework */,
				D492F8A8DB68524F8833DA7A /* Pods_ios_test_ios_testUITests.framework */,
				A755DFFE46F8DF36D2C092FD /* Pods_ios_testTests.framework */,
			);
			name = Frameworks;
			sourceTree = "<group>";
		};
		5C00EA5524C2CDCB007CEECA /* Utils */ = {
			isa = PBXGroup;
			children = (
				5C00EA5624C2CDE0007CEECA /* Constants.swift */,
				5C00EA5A24C2D831007CEECA /* Enums.swift */,
			);
			path = Utils;
			sourceTree = "<group>";
		};
		5C16EA4324C2F6D6008388C1 /* Base */ = {
			isa = PBXGroup;
			children = (
				5C16EA4424C2F6E0008388C1 /* BaseViewModel.swift */,
			);
			path = Base;
			sourceTree = "<group>";
		};
		5C16EA4A24C2F832008388C1 /* Base */ = {
			isa = PBXGroup;
			children = (
				5C16EA4824C2F82D008388C1 /* BaseViewController.swift */,
			);
			path = Base;
			sourceTree = "<group>";
		};
		5C471FCC24C1EFFE001CE5BC = {
			isa = PBXGroup;
			children = (
				5C471FD724C1EFFE001CE5BC /* ios-test */,
				5C471FF124C1F003001CE5BC /* ios-testTests */,
				5C471FFC24C1F003001CE5BC /* ios-testUITests */,
				5C471FD624C1EFFE001CE5BC /* Products */,
				95EA30029185DA723E6A5B44 /* Pods */,
				596EF8C037F250E63645B4F0 /* Frameworks */,
			);
			sourceTree = "<group>";
		};
		5C471FD624C1EFFE001CE5BC /* Products */ = {
			isa = PBXGroup;
			children = (
				5C471FD524C1EFFE001CE5BC /* ios-test.app */,
				5C471FEE24C1F003001CE5BC /* ios-testTests.xctest */,
				5C471FF924C1F003001CE5BC /* ios-testUITests.xctest */,
			);
			name = Products;
			sourceTree = "<group>";
		};
		5C471FD724C1EFFE001CE5BC /* ios-test */ = {
			isa = PBXGroup;
			children = (
				5C00EA5524C2CDCB007CEECA /* Utils */,
				5C47201124C20411001CE5BC /* Services */,
				5C47201024C203FF001CE5BC /* Cells */,
				5C47200F24C203F5001CE5BC /* ViewModels */,
				5C47200E24C203ED001CE5BC /* Controllers */,
				5C47200D24C203E4001CE5BC /* Models */,
				5C47200C24C203DD001CE5BC /* Custom */,
				5C47200B24C203C4001CE5BC /* SystemFiles */,
			);
			path = "ios-test";
			sourceTree = "<group>";
		};
		5C471FF124C1F003001CE5BC /* ios-testTests */ = {
			isa = PBXGroup;
			children = (
				5C471FF224C1F003001CE5BC /* ios_testTests.swift */,
				5C471FF424C1F003001CE5BC /* Info.plist */,
			);
			path = "ios-testTests";
			sourceTree = "<group>";
		};
		5C471FFC24C1F003001CE5BC /* ios-testUITests */ = {
			isa = PBXGroup;
			children = (
				5C471FFD24C1F003001CE5BC /* ios_testUITests.swift */,
				5C471FFF24C1F003001CE5BC /* Info.plist */,
			);
			path = "ios-testUITests";
			sourceTree = "<group>";
		};
		5C47200B24C203C4001CE5BC /* SystemFiles */ = {
			isa = PBXGroup;
			children = (
				5C471FD824C1EFFE001CE5BC /* AppDelegate.swift */,
				5C471FDE24C1EFFE001CE5BC /* Main.storyboard */,
				5C471FE424C1F002001CE5BC /* Assets.xcassets */,
				5C471FE624C1F002001CE5BC /* LaunchScreen.storyboard */,
				5C471FE924C1F002001CE5BC /* Info.plist */,
				5C471FE124C1EFFE001CE5BC /* ios_test.xcdatamodeld */,
			);
			path = SystemFiles;
			sourceTree = "<group>";
		};
		5C47200C24C203DD001CE5BC /* Custom */ = {
			isa = PBXGroup;
			children = (
				5C16EA4B24C2F8FB008388C1 /* Extensions.swift */,
			);
			path = Custom;
			sourceTree = "<group>";
		};
		5C47200D24C203E4001CE5BC /* Models */ = {
			isa = PBXGroup;
			children = (
				5C00EA5E24C2DEFA007CEECA /* Error.swift */,
				5C00EA6024C2DF5D007CEECA /* Category.swift */,
				5C00EA6224C2DFA4007CEECA /* Provider.swift */,
				5C00EA6424C2DFE8007CEECA /* Field.swift */,
				5C00EA6624C2E077007CEECA /* Pair.swift */,
				5C00EA6824C2E123007CEECA /* Receipt.swift */,
				5C00EA6A24C2E18A007CEECA /* Amount.swift */,
				5C00EA6C24C2E329007CEECA /* Response.swift */,
			);
			path = Models;
			sourceTree = "<group>";
		};
		5C47200E24C203ED001CE5BC /* Controllers */ = {
			isa = PBXGroup;
			children = (
				5C16EA4A24C2F832008388C1 /* Base */,
				5C47201224C20424001CE5BC /* Payments */,
			);
			path = Controllers;
			sourceTree = "<group>";
		};
		5C47200F24C203F5001CE5BC /* ViewModels */ = {
			isa = PBXGroup;
			children = (
				5C16EA4324C2F6D6008388C1 /* Base */,
				5C47201424C20442001CE5BC /* Payments */,
			);
			path = ViewModels;
			sourceTree = "<group>";
		};
		5C47201024C203FF001CE5BC /* Cells */ = {
			isa = PBXGroup;
			children = (
				5CF317CD24C30CE2005C2508 /* CategoryCell.swift */,
				5CF317CF24C30D44005C2508 /* BaseCategoryCell.swift */,
			);
			path = Cells;
			sourceTree = "<group>";
		};
		5C47201124C20411001CE5BC /* Services */ = {
			isa = PBXGroup;
			children = (
				5C00EA5324C2CC2F007CEECA /* Router.swift */,
				5C00EA5824C2D4A0007CEECA /* Endpoints.swift */,
				5C16EA4624C2F7AF008388C1 /* ErrorService.swift */,
			);
			path = Services;
			sourceTree = "<group>";
		};
		5C47201224C20424001CE5BC /* Payments */ = {
			isa = PBXGroup;
			children = (
				5C471FDC24C1EFFE001CE5BC /* CategoryViewController.swift */,
				5C16EA3B24C2F491008388C1 /* ProviderViewController.swift */,
				5C16EA3D24C2F585008388C1 /* PaymentViewController.swift */,
				5C16EA3F24C2F5BC008388C1 /* ReceiptViewController.swift */,
			);
			path = Payments;
			sourceTree = "<group>";
		};
		5C47201424C20442001CE5BC /* Payments */ = {
			isa = PBXGroup;
			children = (
				5C16EA4124C2F6CA008388C1 /* PaymentViewModel.swift */,
				5CF317D124C30DB1005C2508 /* CategoryCellModel.swift */,
			);
			path = Payments;
			sourceTree = "<group>";
		};
		95EA30029185DA723E6A5B44 /* Pods */ = {
			isa = PBXGroup;
			children = (
				4A08ACE88365B6275AC35282 /* Pods-ios-test.debug.xcconfig */,
				6FE35226849E05614938CDB7 /* Pods-ios-test.release.xcconfig */,
				DFB5ED6A450CADCC5ECE8DE5 /* Pods-ios-test-ios-testUITests.debug.xcconfig */,
				7488213E210AD787B5D524A5 /* Pods-ios-test-ios-testUITests.release.xcconfig */,
				14429F25078A2E29C0BE90D9 /* Pods-ios-testTests.debug.xcconfig */,
				712B451DDAA673439ADBDD9B /* Pods-ios-testTests.release.xcconfig */,
			);
			path = Pods;
			sourceTree = "<group>";
		};
/* End PBXGroup section */

/* Begin PBXNativeTarget section */
		5C471FD424C1EFFE001CE5BC /* ios-test */ = {
			isa = PBXNativeTarget;
			buildConfigurationList = 5C47200224C1F003001CE5BC /* Build configuration list for PBXNativeTarget "ios-test" */;
			buildPhases = (
				14DF2AC51A37F74F1A160640 /* [CP] Check Pods Manifest.lock */,
				5C471FD124C1EFFE001CE5BC /* Sources */,
				5C471FD224C1EFFE001CE5BC /* Frameworks */,
				5C471FD324C1EFFE001CE5BC /* Resources */,
				B82DF0BFAF33DAEFBF9020F4 /* [CP] Embed Pods Frameworks */,
			);
			buildRules = (
			);
			dependencies = (
			);
			name = "ios-test";
			productName = "ios-test";
			productReference = 5C471FD524C1EFFE001CE5BC /* ios-test.app */;
			productType = "com.apple.product-type.application";
		};
		5C471FED24C1F003001CE5BC /* ios-testTests */ = {
			isa = PBXNativeTarget;
			buildConfigurationList = 5C47200524C1F003001CE5BC /* Build configuration list for PBXNativeTarget "ios-testTests" */;
			buildPhases = (
				845F1D900E1556A05FEF7ACB /* [CP] Check Pods Manifest.lock */,
				5C471FEA24C1F003001CE5BC /* Sources */,
				5C471FEB24C1F003001CE5BC /* Frameworks */,
				5C471FEC24C1F003001CE5BC /* Resources */,
			);
			buildRules = (
			);
			dependencies = (
				5C471FF024C1F003001CE5BC /* PBXTargetDependency */,
			);
			name = "ios-testTests";
			productName = "ios-testTests";
			productReference = 5C471FEE24C1F003001CE5BC /* ios-testTests.xctest */;
			productType = "com.apple.product-type.bundle.unit-test";
		};
		5C471FF824C1F003001CE5BC /* ios-testUITests */ = {
			isa = PBXNativeTarget;
			buildConfigurationList = 5C47200824C1F003001CE5BC /* Build configuration list for PBXNativeTarget "ios-testUITests" */;
			buildPhases = (
				47EA168773A6830553AAB879 /* [CP] Check Pods Manifest.lock */,
				5C471FF524C1F003001CE5BC /* Sources */,
				5C471FF624C1F003001CE5BC /* Frameworks */,
				5C471FF724C1F003001CE5BC /* Resources */,
				77C2B8CFD6EF75F96522EBD2 /* [CP] Embed Pods Frameworks */,
			);
			buildRules = (
			);
			dependencies = (
				5C471FFB24C1F003001CE5BC /* PBXTargetDependency */,
			);
			name = "ios-testUITests";
			productName = "ios-testUITests";
			productReference = 5C471FF924C1F003001CE5BC /* ios-testUITests.xctest */;
			productType = "com.apple.product-type.bundle.ui-testing";
		};
/* End PBXNativeTarget section */

/* Begin PBXProject section */
		5C471FCD24C1EFFE001CE5BC /* Project object */ = {
			isa = PBXProject;
			attributes = {
				LastSwiftUpdateCheck = 1150;
				LastUpgradeCheck = 1150;
				ORGANIZATIONNAME = Apple;
				TargetAttributes = {
					5C471FD424C1EFFE001CE5BC = {
						CreatedOnToolsVersion = 11.5;
					};
					5C471FED24C1F003001CE5BC = {
						CreatedOnToolsVersion = 11.5;
						TestTargetID = 5C471FD424C1EFFE001CE5BC;
					};
					5C471FF824C1F003001CE5BC = {
						CreatedOnToolsVersion = 11.5;
						TestTargetID = 5C471FD424C1EFFE001CE5BC;
					};
				};
			};
			buildConfigurationList = 5C471FD024C1EFFE001CE5BC /* Build configuration list for PBXProject "ios-test" */;
			compatibilityVersion = "Xcode 9.3";
			developmentRegion = en;
			hasScannedForEncodings = 0;
			knownRegions = (
				en,
				Base,
			);
			mainGroup = 5C471FCC24C1EFFE001CE5BC;
			productRefGroup = 5C471FD624C1EFFE001CE5BC /* Products */;
			projectDirPath = "";
			projectRoot = "";
			targets = (
				5C471FD424C1EFFE001CE5BC /* ios-test */,
				5C471FED24C1F003001CE5BC /* ios-testTests */,
				5C471FF824C1F003001CE5BC /* ios-testUITests */,
			);
		};
/* End PBXProject section */

/* Begin PBXResourcesBuildPhase section */
		5C471FD324C1EFFE001CE5BC /* Resources */ = {
			isa = PBXResourcesBuildPhase;
			buildActionMask = 2147483647;
			files = (
				5C471FE824C1F002001CE5BC /* LaunchScreen.storyboard in Resources */,
				5C471FE524C1F002001CE5BC /* Assets.xcassets in Resources */,
				5C471FE024C1EFFE001CE5BC /* Main.storyboard in Resources */,
			);
			runOnlyForDeploymentPostprocessing = 0;
		};
		5C471FEC24C1F003001CE5BC /* Resources */ = {
			isa = PBXResourcesBuildPhase;
			buildActionMask = 2147483647;
			files = (
			);
			runOnlyForDeploymentPostprocessing = 0;
		};
		5C471FF724C1F003001CE5BC /* Resources */ = {
			isa = PBXResourcesBuildPhase;
			buildActionMask = 2147483647;
			files = (
			);
			runOnlyForDeploymentPostprocessing = 0;
		};
/* End PBXResourcesBuildPhase section */

/* Begin PBXShellScriptBuildPhase section */
		14DF2AC51A37F74F1A160640 /* [CP] Check Pods Manifest.lock */ = {
			isa = PBXShellScriptBuildPhase;
			buildActionMask = 2147483647;
			files = (
			);
			inputFileListPaths = (
			);
			inputPaths = (
				"${PODS_PODFILE_DIR_PATH}/Podfile.lock",
				"${PODS_ROOT}/Manifest.lock",
			);
			name = "[CP] Check Pods Manifest.lock";
			outputFileListPaths = (
			);
			outputPaths = (
				"$(DERIVED_FILE_DIR)/Pods-ios-test-checkManifestLockResult.txt",
			);
			runOnlyForDeploymentPostprocessing = 0;
			shellPath = /bin/sh;
			shellScript = "diff \"${PODS_PODFILE_DIR_PATH}/Podfile.lock\" \"${PODS_ROOT}/Manifest.lock\" > /dev/null\nif [ $? != 0 ] ; then\n    # print error to STDERR\n    echo \"error: The sandbox is not in sync with the Podfile.lock. Run 'pod install' or update your CocoaPods installation.\" >&2\n    exit 1\nfi\n# This output is used by Xcode 'outputs' to avoid re-running this script phase.\necho \"SUCCESS\" > \"${SCRIPT_OUTPUT_FILE_0}\"\n";
			showEnvVarsInLog = 0;
		};
		47EA168773A6830553AAB879 /* [CP] Check Pods Manifest.lock */ = {
			isa = PBXShellScriptBuildPhase;
			buildActionMask = 2147483647;
			files = (
			);
			inputFileListPaths = (
			);
			inputPaths = (
				"${PODS_PODFILE_DIR_PATH}/Podfile.lock",
				"${PODS_ROOT}/Manifest.lock",
			);
			name = "[CP] Check Pods Manifest.lock";
			outputFileListPaths = (
			);
			outputPaths = (
				"$(DERIVED_FILE_DIR)/Pods-ios-test-ios-testUITests-checkManifestLockResult.txt",
			);
			runOnlyForDeploymentPostprocessing = 0;
			shellPath = /bin/sh;
			shellScript = "diff \"${PODS_PODFILE_DIR_PATH}/Podfile.lock\" \"${PODS_ROOT}/Manifest.lock\" > /dev/null\nif [ $? != 0 ] ; then\n    # print error to STDERR\n    echo \"error: The sandbox is not in sync with the Podfile.lock. Run 'pod install' or update your CocoaPods installation.\" >&2\n    exit 1\nfi\n# This output is used by Xcode 'outputs' to avoid re-running this script phase.\necho \"SUCCESS\" > \"${SCRIPT_OUTPUT_FILE_0}\"\n";
			showEnvVarsInLog = 0;
		};
		77C2B8CFD6EF75F96522EBD2 /* [CP] Embed Pods Frameworks */ = {
			isa = PBXShellScriptBuildPhase;
			buildActionMask = 2147483647;
			files = (
			);
			inputFileListPaths = (
				"${PODS_ROOT}/Target Support Files/Pods-ios-test-ios-testUITests/Pods-ios-test-ios-testUITests-frameworks-${CONFIGURATION}-input-files.xcfilelist",
			);
			name = "[CP] Embed Pods Frameworks";
			outputFileListPaths = (
				"${PODS_ROOT}/Target Support Files/Pods-ios-test-ios-testUITests/Pods-ios-test-ios-testUITests-frameworks-${CONFIGURATION}-output-files.xcfilelist",
			);
			runOnlyForDeploymentPostprocessing = 0;
			shellPath = /bin/sh;
			shellScript = "\"${PODS_ROOT}/Target Support Files/Pods-ios-test-ios-testUITests/Pods-ios-test-ios-testUITests-frameworks.sh\"\n";
			showEnvVarsInLog = 0;
		};
		845F1D900E1556A05FEF7ACB /* [CP] Check Pods Manifest.lock */ = {
			isa = PBXShellScriptBuildPhase;
			buildActionMask = 2147483647;
			files = (
			);
			inputFileListPaths = (
			);
			inputPaths = (
				"${PODS_PODFILE_DIR_PATH}/Podfile.lock",
				"${PODS_ROOT}/Manifest.lock",
			);
			name = "[CP] Check Pods Manifest.lock";
			outputFileListPaths = (
			);
			outputPaths = (
				"$(DERIVED_FILE_DIR)/Pods-ios-testTests-checkManifestLockResult.txt",
			);
			runOnlyForDeploymentPostprocessing = 0;
			shellPath = /bin/sh;
			shellScript = "diff \"${PODS_PODFILE_DIR_PATH}/Podfile.lock\" \"${PODS_ROOT}/Manifest.lock\" > /dev/null\nif [ $? != 0 ] ; then\n    # print error to STDERR\n    echo \"error: The sandbox is not in sync with the Podfile.lock. Run 'pod install' or update your CocoaPods installation.\" >&2\n    exit 1\nfi\n# This output is used by Xcode 'outputs' to avoid re-running this script phase.\necho \"SUCCESS\" > \"${SCRIPT_OUTPUT_FILE_0}\"\n";
			showEnvVarsInLog = 0;
		};
		B82DF0BFAF33DAEFBF9020F4 /* [CP] Embed Pods Frameworks */ = {
			isa = PBXShellScriptBuildPhase;
			buildActionMask = 2147483647;
			files = (
			);
			inputFileListPaths = (
				"${PODS_ROOT}/Target Support Files/Pods-ios-test/Pods-ios-test-frameworks-${CONFIGURATION}-input-files.xcfilelist",
			);
			name = "[CP] Embed Pods Frameworks";
			outputFileListPaths = (
				"${PODS_ROOT}/Target Support Files/Pods-ios-test/Pods-ios-test-frameworks-${CONFIGURATION}-output-files.xcfilelist",
			);
			runOnlyForDeploymentPostprocessing = 0;
			shellPath = /bin/sh;
			shellScript = "\"${PODS_ROOT}/Target Support Files/Pods-ios-test/Pods-ios-test-frameworks.sh\"\n";
			showEnvVarsInLog = 0;
		};
/* End PBXShellScriptBuildPhase section */

/* Begin PBXSourcesBuildPhase section */
		5C471FD124C1EFFE001CE5BC /* Sources */ = {
			isa = PBXSourcesBuildPhase;
			buildActionMask = 2147483647;
			files = (
				5C16EA4C24C2F8FB008388C1 /* Extensions.swift in Sources */,
				5C00EA5724C2CDE0007CEECA /* Constants.swift in Sources */,
				5C16EA4524C2F6E0008388C1 /* BaseViewModel.swift in Sources */,
				5C16EA3C24C2F491008388C1 /* ProviderViewController.swift in Sources */,
				5C00EA6124C2DF5D007CEECA /* Category.swift in Sources */,
				5C16EA4024C2F5BC008388C1 /* ReceiptViewController.swift in Sources */,
				5C00EA6924C2E123007CEECA /* Receipt.swift in Sources */,
				5CF317D224C30DB1005C2508 /* CategoryCellModel.swift in Sources */,
				5C00EA6724C2E077007CEECA /* Pair.swift in Sources */,
				5C00EA6B24C2E18A007CEECA /* Amount.swift in Sources */,
				5C00EA5424C2CC2F007CEECA /* Router.swift in Sources */,
				5C16EA3E24C2F585008388C1 /* PaymentViewController.swift in Sources */,
				5CF317CE24C30CE2005C2508 /* CategoryCell.swift in Sources */,
				5C16EA4224C2F6CA008388C1 /* PaymentViewModel.swift in Sources */,
				5C471FDD24C1EFFE001CE5BC /* CategoryViewController.swift in Sources */,
				5C00EA6D24C2E329007CEECA /* Response.swift in Sources */,
				5C16EA4924C2F82D008388C1 /* BaseViewController.swift in Sources */,
				5C471FD924C1EFFE001CE5BC /* AppDelegate.swift in Sources */,
				5C00EA6524C2DFE8007CEECA /* Field.swift in Sources */,
				5C00EA5B24C2D831007CEECA /* Enums.swift in Sources */,
				5C00EA6324C2DFA4007CEECA /* Provider.swift in Sources */,
				5C00EA5924C2D4A0007CEECA /* Endpoints.swift in Sources */,
				5C00EA5F24C2DEFA007CEECA /* Error.swift in Sources */,
				5C471FE324C1EFFE001CE5BC /* ios_test.xcdatamodeld in Sources */,
				5CF317D024C30D44005C2508 /* BaseCategoryCell.swift in Sources */,
				5C16EA4724C2F7AF008388C1 /* ErrorService.swift in Sources */,
			);
			runOnlyForDeploymentPostprocessing = 0;
		};
		5C471FEA24C1F003001CE5BC /* Sources */ = {
			isa = PBXSourcesBuildPhase;
			buildActionMask = 2147483647;
			files = (
				5C471FF324C1F003001CE5BC /* ios_testTests.swift in Sources */,
			);
			runOnlyForDeploymentPostprocessing = 0;
		};
		5C471FF524C1F003001CE5BC /* Sources */ = {
			isa = PBXSourcesBuildPhase;
			buildActionMask = 2147483647;
			files = (
				5C471FFE24C1F003001CE5BC /* ios_testUITests.swift in Sources */,
			);
			runOnlyForDeploymentPostprocessing = 0;
		};
/* End PBXSourcesBuildPhase section */

/* Begin PBXTargetDependency section */
		5C471FF024C1F003001CE5BC /* PBXTargetDependency */ = {
			isa = PBXTargetDependency;
			target = 5C471FD424C1EFFE001CE5BC /* ios-test */;
			targetProxy = 5C471FEF24C1F003001CE5BC /* PBXContainerItemProxy */;
		};
		5C471FFB24C1F003001CE5BC /* PBXTargetDependency */ = {
			isa = PBXTargetDependency;
			target = 5C471FD424C1EFFE001CE5BC /* ios-test */;
			targetProxy = 5C471FFA24C1F003001CE5BC /* PBXContainerItemProxy */;
		};
/* End PBXTargetDependency section */

/* Begin PBXVariantGroup section */
		5C471FDE24C1EFFE001CE5BC /* Main.storyboard */ = {
			isa = PBXVariantGroup;
			children = (
				5C471FDF24C1EFFE001CE5BC /* Base */,
			);
			name = Main.storyboard;
			sourceTree = "<group>";
		};
		5C471FE624C1F002001CE5BC /* LaunchScreen.storyboard */ = {
			isa = PBXVariantGroup;
			children = (
				5C471FE724C1F002001CE5BC /* Base */,
			);
			name = LaunchScreen.storyboard;
			sourceTree = "<group>";
		};
/* End PBXVariantGroup section */

/* Begin XCBuildConfiguration section */
		5C47200024C1F003001CE5BC /* Debug */ = {
			isa = XCBuildConfiguration;
			buildSettings = {
				ALWAYS_SEARCH_USER_PATHS = NO;
				CLANG_ANALYZER_NONNULL = YES;
				CLANG_ANALYZER_NUMBER_OBJECT_CONVERSION = YES_AGGRESSIVE;
				CLANG_CXX_LANGUAGE_STANDARD = "gnu++14";
				CLANG_CXX_LIBRARY = "libc++";
				CLANG_ENABLE_MODULES = YES;
				CLANG_ENABLE_OBJC_ARC = YES;
				CLANG_ENABLE_OBJC_WEAK = YES;
				CLANG_WARN_BLOCK_CAPTURE_AUTORELEASING = YES;
				CLANG_WARN_BOOL_CONVERSION = YES;
				CLANG_WARN_COMMA = YES;
				CLANG_WARN_CONSTANT_CONVERSION = YES;
				CLANG_WARN_DEPRECATED_OBJC_IMPLEMENTATIONS = YES;
				CLANG_WARN_DIRECT_OBJC_ISA_USAGE = YES_ERROR;
				CLANG_WARN_DOCUMENTATION_COMMENTS = YES;
				CLANG_WARN_EMPTY_BODY = YES;
				CLANG_WARN_ENUM_CONVERSION = YES;
				CLANG_WARN_INFINITE_RECURSION = YES;
				CLANG_WARN_INT_CONVERSION = YES;
				CLANG_WARN_NON_LITERAL_NULL_CONVERSION = YES;
				CLANG_WARN_OBJC_IMPLICIT_RETAIN_SELF = YES;
				CLANG_WARN_OBJC_LITERAL_CONVERSION = YES;
				CLANG_WARN_OBJC_ROOT_CLASS = YES_ERROR;
				CLANG_WARN_RANGE_LOOP_ANALYSIS = YES;
				CLANG_WARN_STRICT_PROTOTYPES = YES;
				CLANG_WARN_SUSPICIOUS_MOVE = YES;
				CLANG_WARN_UNGUARDED_AVAILABILITY = YES_AGGRESSIVE;
				CLANG_WARN_UNREACHABLE_CODE = YES;
				CLANG_WARN__DUPLICATE_METHOD_MATCH = YES;
				COPY_PHASE_STRIP = NO;
				DEBUG_INFORMATION_FORMAT = dwarf;
				ENABLE_STRICT_OBJC_MSGSEND = YES;
				ENABLE_TESTABILITY = YES;
				GCC_C_LANGUAGE_STANDARD = gnu11;
				GCC_DYNAMIC_NO_PIC = NO;
				GCC_NO_COMMON_BLOCKS = YES;
				GCC_OPTIMIZATION_LEVEL = 0;
				GCC_PREPROCESSOR_DEFINITIONS = (
					"DEBUG=1",
					"$(inherited)",
				);
				GCC_WARN_64_TO_32_BIT_CONVERSION = YES;
				GCC_WARN_ABOUT_RETURN_TYPE = YES_ERROR;
				GCC_WARN_UNDECLARED_SELECTOR = YES;
				GCC_WARN_UNINITIALIZED_AUTOS = YES_AGGRESSIVE;
				GCC_WARN_UNUSED_FUNCTION = YES;
				GCC_WARN_UNUSED_VARIABLE = YES;
				IPHONEOS_DEPLOYMENT_TARGET = 13.5;
				MTL_ENABLE_DEBUG_INFO = INCLUDE_SOURCE;
				MTL_FAST_MATH = YES;
				ONLY_ACTIVE_ARCH = YES;
				SDKROOT = iphoneos;
				SWIFT_ACTIVE_COMPILATION_CONDITIONS = DEBUG;
				SWIFT_OPTIMIZATION_LEVEL = "-Onone";
			};
			name = Debug;
		};
		5C47200124C1F003001CE5BC /* Release */ = {
			isa = XCBuildConfiguration;
			buildSettings = {
				ALWAYS_SEARCH_USER_PATHS = NO;
				CLANG_ANALYZER_NONNULL = YES;
				CLANG_ANALYZER_NUMBER_OBJECT_CONVERSION = YES_AGGRESSIVE;
				CLANG_CXX_LANGUAGE_STANDARD = "gnu++14";
				CLANG_CXX_LIBRARY = "libc++";
				CLANG_ENABLE_MODULES = YES;
				CLANG_ENABLE_OBJC_ARC = YES;
				CLANG_ENABLE_OBJC_WEAK = YES;
				CLANG_WARN_BLOCK_CAPTURE_AUTORELEASING = YES;
				CLANG_WARN_BOOL_CONVERSION = YES;
				CLANG_WARN_COMMA = YES;
				CLANG_WARN_CONSTANT_CONVERSION = YES;
				CLANG_WARN_DEPRECATED_OBJC_IMPLEMENTATIONS = YES;
				CLANG_WARN_DIRECT_OBJC_ISA_USAGE = YES_ERROR;
				CLANG_WARN_DOCUMENTATION_COMMENTS = YES;
				CLANG_WARN_EMPTY_BODY = YES;
				CLANG_WARN_ENUM_CONVERSION = YES;
				CLANG_WARN_INFINITE_RECURSION = YES;
				CLANG_WARN_INT_CONVERSION = YES;
				CLANG_WARN_NON_LITERAL_NULL_CONVERSION = YES;
				CLANG_WARN_OBJC_IMPLICIT_RETAIN_SELF = YES;
				CLANG_WARN_OBJC_LITERAL_CONVERSION = YES;
				CLANG_WARN_OBJC_ROOT_CLASS = YES_ERROR;
				CLANG_WARN_RANGE_LOOP_ANALYSIS = YES;
				CLANG_WARN_STRICT_PROTOTYPES = YES;
				CLANG_WARN_SUSPICIOUS_MOVE = YES;
				CLANG_WARN_UNGUARDED_AVAILABILITY = YES_AGGRESSIVE;
				CLANG_WARN_UNREACHABLE_CODE = YES;
				CLANG_WARN__DUPLICATE_METHOD_MATCH = YES;
				COPY_PHASE_STRIP = NO;
				DEBUG_INFORMATION_FORMAT = "dwarf-with-dsym";
				ENABLE_NS_ASSERTIONS = NO;
				ENABLE_STRICT_OBJC_MSGSEND = YES;
				GCC_C_LANGUAGE_STANDARD = gnu11;
				GCC_NO_COMMON_BLOCKS = YES;
				GCC_WARN_64_TO_32_BIT_CONVERSION = YES;
				GCC_WARN_ABOUT_RETURN_TYPE = YES_ERROR;
				GCC_WARN_UNDECLARED_SELECTOR = YES;
				GCC_WARN_UNINITIALIZED_AUTOS = YES_AGGRESSIVE;
				GCC_WARN_UNUSED_FUNCTION = YES;
				GCC_WARN_UNUSED_VARIABLE = YES;
				IPHONEOS_DEPLOYMENT_TARGET = 13.5;
				MTL_ENABLE_DEBUG_INFO = NO;
				MTL_FAST_MATH = YES;
				SDKROOT = iphoneos;
				SWIFT_COMPILATION_MODE = wholemodule;
				SWIFT_OPTIMIZATION_LEVEL = "-O";
				VALIDATE_PRODUCT = YES;
			};
			name = Release;
		};
		5C47200324C1F003001CE5BC /* Debug */ = {
			isa = XCBuildConfiguration;
			baseConfigurationReference = 4A08ACE88365B6275AC35282 /* Pods-ios-test.debug.xcconfig */;
			buildSettings = {
				ASSETCATALOG_COMPILER_APPICON_NAME = AppIcon;
				CODE_SIGN_STYLE = Automatic;
				DEVELOPMENT_TEAM = 7Q8XP7PWR4;
				INFOPLIST_FILE = "ios-test/SystemFiles/Info.plist";
				IPHONEOS_DEPLOYMENT_TARGET = 11.0;
				LD_RUNPATH_SEARCH_PATHS = (
					"$(inherited)",
					"@executable_path/Frameworks",
				);
				PRODUCT_BUNDLE_IDENTIFIER = "az.hbayramov.ios-test";
				PRODUCT_NAME = "$(TARGET_NAME)";
				SWIFT_VERSION = 5.0;
				TARGETED_DEVICE_FAMILY = "1,2";
			};
			name = Debug;
		};
		5C47200424C1F003001CE5BC /* Release */ = {
			isa = XCBuildConfiguration;
			baseConfigurationReference = 6FE35226849E05614938CDB7 /* Pods-ios-test.release.xcconfig */;
			buildSettings = {
				ASSETCATALOG_COMPILER_APPICON_NAME = AppIcon;
				CODE_SIGN_STYLE = Automatic;
				DEVELOPMENT_TEAM = 7Q8XP7PWR4;
				INFOPLIST_FILE = "ios-test/SystemFiles/Info.plist";
				IPHONEOS_DEPLOYMENT_TARGET = 11.0;
				LD_RUNPATH_SEARCH_PATHS = (
					"$(inherited)",
					"@executable_path/Frameworks",
				);
				PRODUCT_BUNDLE_IDENTIFIER = "az.hbayramov.ios-test";
				PRODUCT_NAME = "$(TARGET_NAME)";
				SWIFT_VERSION = 5.0;
				TARGETED_DEVICE_FAMILY = "1,2";
			};
			name = Release;
		};
		5C47200624C1F003001CE5BC /* Debug */ = {
			isa = XCBuildConfiguration;
			baseConfigurationReference = 14429F25078A2E29C0BE90D9 /* Pods-ios-testTests.debug.xcconfig */;
			buildSettings = {
				ALWAYS_EMBED_SWIFT_STANDARD_LIBRARIES = YES;
				BUNDLE_LOADER = "$(TEST_HOST)";
				CODE_SIGN_STYLE = Automatic;
				DEVELOPMENT_TEAM = 7Q8XP7PWR4;
				INFOPLIST_FILE = "ios-testTests/Info.plist";
				IPHONEOS_DEPLOYMENT_TARGET = 13.5;
				LD_RUNPATH_SEARCH_PATHS = (
					"$(inherited)",
					"@executable_path/Frameworks",
					"@loader_path/Frameworks",
				);
				PRODUCT_BUNDLE_IDENTIFIER = "az.hbayramov.ios-testTests";
				PRODUCT_NAME = "$(TARGET_NAME)";
				SWIFT_VERSION = 5.0;
				TARGETED_DEVICE_FAMILY = "1,2";
				TEST_HOST = "$(BUILT_PRODUCTS_DIR)/ios-test.app/ios-test";
			};
			name = Debug;
		};
		5C47200724C1F003001CE5BC /* Release */ = {
			isa = XCBuildConfiguration;
			baseConfigurationReference = 712B451DDAA673439ADBDD9B /* Pods-ios-testTests.release.xcconfig */;
			buildSettings = {
				ALWAYS_EMBED_SWIFT_STANDARD_LIBRARIES = YES;
				BUNDLE_LOADER = "$(TEST_HOST)";
				CODE_SIGN_STYLE = Automatic;
				DEVELOPMENT_TEAM = 7Q8XP7PWR4;
				INFOPLIST_FILE = "ios-testTests/Info.plist";
				IPHONEOS_DEPLOYMENT_TARGET = 13.5;
				LD_RUNPATH_SEARCH_PATHS = (
					"$(inherited)",
					"@executable_path/Frameworks",
					"@loader_path/Frameworks",
				);
				PRODUCT_BUNDLE_IDENTIFIER = "az.hbayramov.ios-testTests";
				PRODUCT_NAME = "$(TARGET_NAME)";
				SWIFT_VERSION = 5.0;
				TARGETED_DEVICE_FAMILY = "1,2";
				TEST_HOST = "$(BUILT_PRODUCTS_DIR)/ios-test.app/ios-test";
			};
			name = Release;
		};
		5C47200924C1F003001CE5BC /* Debug */ = {
			isa = XCBuildConfiguration;
			baseConfigurationReference = DFB5ED6A450CADCC5ECE8DE5 /* Pods-ios-test-ios-testUITests.debug.xcconfig */;
			buildSettings = {
				ALWAYS_EMBED_SWIFT_STANDARD_LIBRARIES = YES;
				CODE_SIGN_STYLE = Automatic;
				DEVELOPMENT_TEAM = 7Q8XP7PWR4;
				INFOPLIST_FILE = "ios-testUITests/Info.plist";
				LD_RUNPATH_SEARCH_PATHS = (
					"$(inherited)",
					"@executable_path/Frameworks",
					"@loader_path/Frameworks",
				);
				PRODUCT_BUNDLE_IDENTIFIER = "az.hbayramov.ios-testUITests";
				PRODUCT_NAME = "$(TARGET_NAME)";
				SWIFT_VERSION = 5.0;
				TARGETED_DEVICE_FAMILY = "1,2";
				TEST_TARGET_NAME = "ios-test";
			};
			name = Debug;
		};
		5C47200A24C1F003001CE5BC /* Release */ = {
			isa = XCBuildConfiguration;
			baseConfigurationReference = 7488213E210AD787B5D524A5 /* Pods-ios-test-ios-testUITests.release.xcconfig */;
			buildSettings = {
				ALWAYS_EMBED_SWIFT_STANDARD_LIBRARIES = YES;
				CODE_SIGN_STYLE = Automatic;
				DEVELOPMENT_TEAM = 7Q8XP7PWR4;
				INFOPLIST_FILE = "ios-testUITests/Info.plist";
				LD_RUNPATH_SEARCH_PATHS = (
					"$(inherited)",
					"@executable_path/Frameworks",
					"@loader_path/Frameworks",
				);
				PRODUCT_BUNDLE_IDENTIFIER = "az.hbayramov.ios-testUITests";
				PRODUCT_NAME = "$(TARGET_NAME)";
				SWIFT_VERSION = 5.0;
				TARGETED_DEVICE_FAMILY = "1,2";
				TEST_TARGET_NAME = "ios-test";
			};
			name = Release;
		};
/* End XCBuildConfiguration section */

/* Begin XCConfigurationList section */
		5C471FD024C1EFFE001CE5BC /* Build configuration list for PBXProject "ios-test" */ = {
			isa = XCConfigurationList;
			buildConfigurations = (
				5C47200024C1F003001CE5BC /* Debug */,
				5C47200124C1F003001CE5BC /* Release */,
			);
			defaultConfigurationIsVisible = 0;
			defaultConfigurationName = Release;
		};
		5C47200224C1F003001CE5BC /* Build configuration list for PBXNativeTarget "ios-test" */ = {
			isa = XCConfigurationList;
			buildConfigurations = (
				5C47200324C1F003001CE5BC /* Debug */,
				5C47200424C1F003001CE5BC /* Release */,
			);
			defaultConfigurationIsVisible = 0;
			defaultConfigurationName = Release;
		};
		5C47200524C1F003001CE5BC /* Build configuration list for PBXNativeTarget "ios-testTests" */ = {
			isa = XCConfigurationList;
			buildConfigurations = (
				5C47200624C1F003001CE5BC /* Debug */,
				5C47200724C1F003001CE5BC /* Release */,
			);
			defaultConfigurationIsVisible = 0;
			defaultConfigurationName = Release;
		};
		5C47200824C1F003001CE5BC /* Build configuration list for PBXNativeTarget "ios-testUITests" */ = {
			isa = XCConfigurationList;
			buildConfigurations = (
				5C47200924C1F003001CE5BC /* Debug */,
				5C47200A24C1F003001CE5BC /* Release */,
			);
			defaultConfigurationIsVisible = 0;
			defaultConfigurationName = Release;
		};
/* End XCConfigurationList section */

/* Begin XCVersionGroup section */
		5C471FE124C1EFFE001CE5BC /* ios_test.xcdatamodeld */ = {
			isa = XCVersionGroup;
			children = (
				5C471FE224C1EFFE001CE5BC /* ios_test.xcdatamodel */,
			);
			currentVersion = 5C471FE224C1EFFE001CE5BC /* ios_test.xcdatamodel */;
			path = ios_test.xcdatamodeld;
			sourceTree = "<group>";
			versionGroupType = wrapper.xcdatamodel;
		};
/* End XCVersionGroup section */
	};
	rootObject = 5C471FCD24C1EFFE001CE5BC /* Project object */;
}
